{
  "name": "dafont",
  "version": "0.0.1",
  "lockfileVersion": 1,
  "requires": true,
  "dependencies": {
    "@ungap/create-content": {
      "version": "0.1.4",
      "resolved": "https://registry.npmjs.org/@ungap/create-content/-/create-content-0.1.4.tgz",
      "integrity": "sha512-YM6YQkF5wUxJlw5yDzEAzJfPK/kXR/GxIARx4NNJCInfx/nirHmy3ujPjfi7CaXjcVCwyfpv3vKQm6h762lbRA=="
    },
    "clipboard": {
      "version": "2.0.6",
      "resolved": "https://registry.npmjs.org/clipboard/-/clipboard-2.0.6.tgz",
      "integrity": "sha512-g5zbiixBRk/wyKakSwCKd7vQXDjFnAMGHoEyBogG/bw9kTD9GvdAvaoRR1ALcEzt3pVKxZR0pViekPMIS0QyGg==",
      "requires": {
        "good-listener": "^1.2.2",
        "select": "^1.1.2",
        "tiny-emitter": "^2.0.0"
      }
    },
    "delegate": {
      "version": "3.2.0",
      "resolved": "https://registry.npmjs.org/delegate/-/delegate-3.2.0.tgz",
      "integrity": "sha512-IofjkYBZaZivn0V8nnsMJGBr4jVLxHDheKSW88PyxS5QC4Vo9ZbZVvhzlSxY87fVq3STR6r+4cGepyHkcWOQSw=="
    },
    "good-listener": {
      "version": "1.2.2",
      "resolved": "https://registry.npmjs.org/good-listener/-/good-listener-1.2.2.tgz",
      "integrity": "sha1-1TswzfkxPf+33JoNR3CWqm0UXFA=",
      "requires": {
        "delegate": "^3.1.2"
      }
    },
    "select": {
      "version": "1.1.2",
      "resolved": "https://registry.npmjs.org/select/-/select-1.1.2.tgz",
      "integrity": "sha1-DnNQrN7ICxEIUoeG7B1EGNEbOW0="
    },
    "tiny-emitter": {
      "version": "2.1.0",
      "resolved": "https://registry.npmjs.org/tiny-emitter/-/tiny-emitter-2.1.0.tgz",
      "integrity": "sha512-NB6Dk1A9xgQPMoGqC5CVXn123gWyte215ONT5Pp5a0yt4nlEoO1ZWeCwpncaekPHXO60i47ihFnZPiRPjRMq4Q=="
    },
    "uarray": {
      "version": "1.0.0",
      "resolved": "https://registry.npmjs.org/uarray/-/uarray-1.0.0.tgz",
      "integrity": "sha512-LHmiAd5QuAv7pU2vbh+Zq9YOnqVK0H764p2Ozinpfy9ka58OID4IsGLiXsitqH7n0NAIDxvax1A/kDXpii/Ckg=="
    },
    "udomdiff": {
      "version": "1.0.10",
      "resolved": "https://registry.npmjs.org/udomdiff/-/udomdiff-1.0.10.tgz",
      "integrity": "sha512-PkXUTmT+7QFBtD5YVaRPV/xIlTr5iYCDXzUNGuR+IZr63LftlWwnSiky/fET6kKvRw4mjLF0cp/vnmJyQ2Xfmw=="
    },
    "uhandlers": {
      "version": "0.2.0",
      "resolved": "https://registry.npmjs.org/uhandlers/-/uhandlers-0.2.0.tgz",
      "integrity": "sha512-NuXhWAjel/MK7Yg1l7jtuC2Bp/5vqrmxrg8wdJJ3fg0jKfxbcz+ghr2BMUx1xJsV2tvfMmL4etUZ11r0Hv2gEw==",
      "requires": {
        "uarray": "^1.0.0"
      }
    },
    "uhtml": {
      "version": "1.9.0",
      "resolved": "https://registry.npmjs.org/uhtml/-/uhtml-1.9.0.tgz",
      "integrity": "sha512-FOm+JI0JDECBuIjaKixUh4xjRa64xb4U91Cv11ty1UAyryCZuFbX2ozM/XuzzZvAzuQ1ReirmKp8FB/X37HehA==",
      "requires": {
        "@ungap/create-content": "^0.1.4",
        "uarray": "^1.0.0",
        "udomdiff": "^1.0.9",
        "uhandlers": "^0.2.0",
        "umap": "^1.0.2",
        "uparser": "^0.2.1",
        "uwire": "^1.0.1"
      }
    },
    "umap": {
      "version": "1.0.2",
      "resolved": "https://registry.npmjs.org/umap/-/umap-1.0.2.tgz",
      "integrity": "sha512-bW127HgG4H4VAD6qlqO5vCC+7bnlYvZ6A6BdwyGblkWvlEG7VYpj1bcpf3iJpvyKmkPZWDIeZDmoULz67ec7NA=="
    },
    "uparser": {
      "version": "0.2.1",
      "resolved": "https://registry.npmjs.org/uparser/-/uparser-0.2.1.tgz",
      "integrity": "sha512-hTwK8e+bAaER8gJBOysoFGjRPsX/xOthSPR/ieI9EgTf1rts9ey25tbDXIU0rDr/cGcLsvkCo1n8J/eccfAvvw=="
    },
    "uwire": {
      "version": "1.0.1",
      "resolved": "https://registry.npmjs.org/uwire/-/uwire-1.0.1.tgz",
      "integrity": "sha512-LOFKTfjqUu+DXbOAxj2Jruy6KY2bDx+HT6JrTOHQFD3a7rPew0ZTkzxef2/1hRBn+YM5wRdwDMAqwqpxoEVWtg==",
      "requires": {
        "uarray": "^1.0.0"
      }
    }
  }
}
